{
  "name": "ajs_test",
  "version": "1.0.0",
  "lockfileVersion": 1,
  "requires": true,
  "dependencies": {
    "@r616on/ajs": {
      "version": "1.0.1",
      "resolved": "https://npm.pkg.github.com/download/@r616on/ajs/1.0.1/84870d060c5d06b6171f596d24b7d529ab535e2f8c6b6112d738ee5d6642c225",
      "integrity": "sha512-Hx34pvRPHp8EiLXZ/+GPrNUVQeN3utesbIB1GhI8FskohaAJbyLnoBGNzda05FD8BFWedJHN2/hvl+IrvC7m+g=="
    }
  }
}
